
Microsoft Visual Studio Solution File, Format Version 12.00
# Visual Studio Version 17
VisualStudioVersion = 17.1.32414.318
MinimumVisualStudioVersion = 10.0.40219.1
Project("{FAE04EC0-301F-11D3-BF4B-00C04F79EFBC}") = "Lista1Ex4", "Lista1Ex4\Lista1Ex4.csproj", "{358DE150-8891-487D-B3E1-1EA3F4AB2F5C}"
EndProject
Global
	GlobalSection(SolutionConfigurationPlatforms) = preSolution
		Debug|Any CPU = Debug|Any CPU
		Release|Any CPU = Release|Any CPU
	EndGlobalSection
	GlobalSection(ProjectConfigurationPlatforms) = postSolution
		{358DE150-8891-487D-B3E1-1EA3F4AB2F5C}.Debug|Any CPU.ActiveCfg = Debug|Any CPU
		{358DE150-8891-487D-B3E1-1EA3F4AB2F5C}.Debug|Any CPU.Build.0 = Debug|Any CPU
		{358DE150-8891-487D-B3E1-1EA3F4AB2F5C}.Release|Any CPU.ActiveCfg = Release|Any CPU
		{358DE150-8891-487D-B3E1-1EA3F4AB2F5C}.Release|Any CPU.Build.0 = Release|Any CPU
	EndGlobalSection
	GlobalSection(SolutionProperties) = preSolution
		HideSolutionNode = FALSE
	EndGlobalSection
	GlobalSection(ExtensibilityGlobals) = postSolution
		SolutionGuid = {7D5796FB-0236-47FA-8564-C20654DF1258}
	EndGlobalSection
EndGlobal
