
Microsoft Visual Studio Solution File, Format Version 12.00
# Visual Studio Version 17
VisualStudioVersion = 17.1.32414.318
MinimumVisualStudioVersion = 10.0.40219.1
Project("{FAE04EC0-301F-11D3-BF4B-00C04F79EFBC}") = "Lista1Ex12", "Lista1Ex12\Lista1Ex12.csproj", "{3131A58D-55F7-4612-8DBD-802B7793F35A}"
EndProject
Global
	GlobalSection(SolutionConfigurationPlatforms) = preSolution
		Debug|Any CPU = Debug|Any CPU
		Release|Any CPU = Release|Any CPU
	EndGlobalSection
	GlobalSection(ProjectConfigurationPlatforms) = postSolution
		{3131A58D-55F7-4612-8DBD-802B7793F35A}.Debug|Any CPU.ActiveCfg = Debug|Any CPU
		{3131A58D-55F7-4612-8DBD-802B7793F35A}.Debug|Any CPU.Build.0 = Debug|Any CPU
		{3131A58D-55F7-4612-8DBD-802B7793F35A}.Release|Any CPU.ActiveCfg = Release|Any CPU
		{3131A58D-55F7-4612-8DBD-802B7793F35A}.Release|Any CPU.Build.0 = Release|Any CPU
	EndGlobalSection
	GlobalSection(SolutionProperties) = preSolution
		HideSolutionNode = FALSE
	EndGlobalSection
	GlobalSection(ExtensibilityGlobals) = postSolution
		SolutionGuid = {378B58F6-AB5F-430C-8D3B-5098F74DFBC4}
	EndGlobalSection
EndGlobal
